
Microsoft Visual Studio Solution File, Format Version 12.00
# Visual Studio Version 17
VisualStudioVersion = 17.9.34714.143
MinimumVisualStudioVersion = 10.0.40219.1
Project("{9A19103F-16F7-4668-BE54-9A1E7A4F7556}") = "HomeworkTMS", "HomeworkTMS\HomeworkTMS.csproj", "{7D89D21B-5E7A-4B94-A3DD-BCED3806BA24}"
EndProject
Project("{2150E333-8FDC-42A3-9474-1A3956D46DE8}") = ".github", ".github", "{7E223ED1-AD94-4AA5-8333-BEBF1B715249}"
EndProject
Project("{2150E333-8FDC-42A3-9474-1A3956D46DE8}") = "workflows", "workflows", "{85A755C5-9C86-4671-BE62-C4C1ECDEE0B6}"
	ProjectSection(SolutionItems) = preProject
		.github\workflows\dotnet-selenium.yml = .github\workflows\dotnet-selenium.yml
	EndProjectSection
EndProject
Global
	GlobalSection(SolutionConfigurationPlatforms) = preSolution
		Debug|Any CPU = Debug|Any CPU
		Release|Any CPU = Release|Any CPU
	EndGlobalSection
	GlobalSection(ProjectConfigurationPlatforms) = postSolution
		{7D89D21B-5E7A-4B94-A3DD-BCED3806BA24}.Debug|Any CPU.ActiveCfg = Debug|Any CPU
		{7D89D21B-5E7A-4B94-A3DD-BCED3806BA24}.Debug|Any CPU.Build.0 = Debug|Any CPU
		{7D89D21B-5E7A-4B94-A3DD-BCED3806BA24}.Release|Any CPU.ActiveCfg = Release|Any CPU
		{7D89D21B-5E7A-4B94-A3DD-BCED3806BA24}.Release|Any CPU.Build.0 = Release|Any CPU
	EndGlobalSection
	GlobalSection(SolutionProperties) = preSolution
		HideSolutionNode = FALSE
	EndGlobalSection
	GlobalSection(NestedProjects) = preSolution
		{85A755C5-9C86-4671-BE62-C4C1ECDEE0B6} = {7E223ED1-AD94-4AA5-8333-BEBF1B715249}
	EndGlobalSection
	GlobalSection(ExtensibilityGlobals) = postSolution
		SolutionGuid = {7F871179-3671-4E9A-A616-616AB29A0C6D}
	EndGlobalSection
EndGlobal
